
Microsoft Visual Studio Solution File, Format Version 12.00
# Visual Studio Version 16
VisualStudioVersion = 16.0.29509.3
MinimumVisualStudioVersion = 10.0.40219.1
Project("{9A19103F-16F7-4668-BE54-9A1E7A4F7556}") = "SerilogSetup", "SerilogSetup\SerilogSetup.csproj", "{F57E0317-F207-4E9B-A7F4-BE19EEB74D74}"
EndProject
Project("{2150E333-8FDC-42A3-9474-1A3956D46DE8}") = "Solution Items", "Solution Items", "{A8AF31D7-2D06-495F-A68D-5D37D9CC4735}"
	ProjectSection(SolutionItems) = preProject
		README.md = README.md
	EndProjectSection
EndProject
Global
	GlobalSection(SolutionConfigurationPlatforms) = preSolution
		Debug|Any CPU = Debug|Any CPU
		Release|Any CPU = Release|Any CPU
	EndGlobalSection
	GlobalSection(ProjectConfigurationPlatforms) = postSolution
		{F57E0317-F207-4E9B-A7F4-BE19EEB74D74}.Debug|Any CPU.ActiveCfg = Debug|Any CPU
		{F57E0317-F207-4E9B-A7F4-BE19EEB74D74}.Debug|Any CPU.Build.0 = Debug|Any CPU
		{F57E0317-F207-4E9B-A7F4-BE19EEB74D74}.Release|Any CPU.ActiveCfg = Release|Any CPU
		{F57E0317-F207-4E9B-A7F4-BE19EEB74D74}.Release|Any CPU.Build.0 = Release|Any CPU
	EndGlobalSection
	GlobalSection(SolutionProperties) = preSolution
		HideSolutionNode = FALSE
	EndGlobalSection
	GlobalSection(ExtensibilityGlobals) = postSolution
		SolutionGuid = {704BC7B5-A285-47C5-8DDB-F243678A7EC0}
	EndGlobalSection
EndGlobal
